
Microsoft Visual Studio Solution File, Format Version 12.00
# Visual Studio Version 16
VisualStudioVersion = 16.0.29424.173
MinimumVisualStudioVersion = 10.0.40219.1
Project("{FAE04EC0-301F-11D3-BF4B-00C04F79EFBC}") = "QSharpGrammer", "QSharpGrammer\QSharpGrammer.csproj", "{FA287B05-C978-4979-A027-ADC13AE97571}"
EndProject
Global
	GlobalSection(SolutionConfigurationPlatforms) = preSolution
		Debug|Any CPU = Debug|Any CPU
		Release|Any CPU = Release|Any CPU
	EndGlobalSection
	GlobalSection(ProjectConfigurationPlatforms) = postSolution
		{FA287B05-C978-4979-A027-ADC13AE97571}.Debug|Any CPU.ActiveCfg = Debug|Any CPU
		{FA287B05-C978-4979-A027-ADC13AE97571}.Debug|Any CPU.Build.0 = Debug|Any CPU
		{FA287B05-C978-4979-A027-ADC13AE97571}.Release|Any CPU.ActiveCfg = Release|Any CPU
		{FA287B05-C978-4979-A027-ADC13AE97571}.Release|Any CPU.Build.0 = Release|Any CPU
	EndGlobalSection
	GlobalSection(SolutionProperties) = preSolution
		HideSolutionNode = FALSE
	EndGlobalSection
	GlobalSection(ExtensibilityGlobals) = postSolution
		SolutionGuid = {EF554A74-7C57-4353-A0E3-8A20D22E1394}
	EndGlobalSection
EndGlobal
